{
    "hash": "cd3bf457eeeb2ad8aa89268cb50a25dc",
    "packages": [
        {
            "name": "plasmaconduit/either",
            "version": "0.2.1",
            "source": {
                "type": "git",
                "url": "https://github.com/JosephMoniz/php-either.git",
                "reference": "v0.2.1"
            },
            "dist": {
                "type": "zip",
                "url": "https://api.github.com/repos/JosephMoniz/php-either/zipball/v0.2.1",
                "reference": "v0.2.1",
                "shasum": ""
            },
            "require": {
                "plasmaconduit/map": "0.1.*",
                "plasmaconduit/option": "0.2.*"
            },
            "require-dev": {
                "phpspec/phpspec2": "*"
            },
            "type": "library",
            "autoload": {
                "psr-0": {
                    "": "src"
                }
            },
            "notification-url": "https://packagist.org/downloads/",
            "time": "2013-03-23 06:30:06"
        },
        {
            "name": "plasmaconduit/map",
            "version": "0.1.9",
            "source": {
                "type": "git",
                "url": "https://github.com/JosephMoniz/php-map.git",
                "reference": "v0.1.9"
            },
            "dist": {
                "type": "zip",
                "url": "https://api.github.com/repos/JosephMoniz/php-map/zipball/v0.1.9",
                "reference": "v0.1.9",
                "shasum": ""
            },
            "require": {
                "plasmaconduit/option": "0.2.*"
            },
            "require-dev": {
                "phpspec/phpspec2": "*"
            },
            "type": "library",
            "autoload": {
                "psr-0": {
                    "": "src"
                }
            },
            "notification-url": "https://packagist.org/downloads/",
            "time": "2013-03-23 03:36:43"
        },
        {
            "name": "plasmaconduit/option",
            "version": "0.2.0",
            "source": {
                "type": "git",
                "url": "https://github.com/JosephMoniz/php-option.git",
                "reference": "v0.2.0"
            },
            "dist": {
                "type": "zip",
                "url": "https://api.github.com/repos/JosephMoniz/php-option/zipball/v0.2.0",
                "reference": "v0.2.0",
                "shasum": ""
            },
            "require": {
                "plasmaconduit/either": "0.2.*"
            },
            "require-dev": {
                "phpspec/phpspec2": "*"
            },
            "type": "library",
            "autoload": {
                "psr-0": {
                    "": "src"
                }
            },
            "notification-url": "https://packagist.org/downloads/",
            "time": "2013-03-23 02:57:05"
        }
    ],
    "packages-dev": [

    ],
    "aliases": [

    ],
    "minimum-stability": "dev",
    "stability-flags": [

    ],
    "platform": [

    ],
    "platform-dev": [

    ]
}
